// !$*UTF8*$!
{
	archiveVersion = 1;
	classes = {
	};
	objectVersion = 56;
	objects = {

/* Begin PBXBuildFile section */
		BC0644DA29E43D06006D56E1 /* NetworkManager.swift in Sources */ = {isa = PBXBuildFile; fileRef = BC0644D929E43D06006D56E1 /* NetworkManager.swift */; };
		BC0644DC29E44F54006D56E1 /* Hero.swift in Sources */ = {isa = PBXBuildFile; fileRef = BC0644DB29E44F54006D56E1 /* Hero.swift */; };
		BC78B3C629DEB0B000485D37 /* TabBarController.swift in Sources */ = {isa = PBXBuildFile; fileRef = BC78B3C529DEB0B000485D37 /* TabBarController.swift */; };
		BC78B3C829DEB1F500485D37 /* FoodMenuViewController.swift in Sources */ = {isa = PBXBuildFile; fileRef = BC78B3C729DEB1F500485D37 /* FoodMenuViewController.swift */; };
		BCA935D629DAB073006F4A32 /* AppDelegate.swift in Sources */ = {isa = PBXBuildFile; fileRef = BCA935D529DAB073006F4A32 /* AppDelegate.swift */; };
		BCA935D829DAB073006F4A32 /* SceneDelegate.swift in Sources */ = {isa = PBXBuildFile; fileRef = BCA935D729DAB073006F4A32 /* SceneDelegate.swift */; };
		BCA935DA29DAB073006F4A32 /* ViewController.swift in Sources */ = {isa = PBXBuildFile; fileRef = BCA935D929DAB073006F4A32 /* ViewController.swift */; };
		BCA935E029DAB073006F4A32 /* FoodMarket.xcdatamodeld in Sources */ = {isa = PBXBuildFile; fileRef = BCA935DE29DAB073006F4A32 /* FoodMarket.xcdatamodeld */; };
		BCA935E229DAB079006F4A32 /* Assets.xcassets in Resources */ = {isa = PBXBuildFile; fileRef = BCA935E129DAB079006F4A32 /* Assets.xcassets */; };
		BCA935E529DAB079006F4A32 /* LaunchScreen.storyboard in Resources */ = {isa = PBXBuildFile; fileRef = BCA935E329DAB079006F4A32 /* LaunchScreen.storyboard */; };
		BCD8FC0F29EA834200E3D017 /* CollectionViewCell.swift in Sources */ = {isa = PBXBuildFile; fileRef = BCD8FC0E29EA834200E3D017 /* CollectionViewCell.swift */; };
		BCD8FC1129EEE98A00E3D017 /* ImageCache.swift in Sources */ = {isa = PBXBuildFile; fileRef = BCD8FC1029EEE98A00E3D017 /* ImageCache.swift */; };
/* End PBXBuildFile section */

/* Begin PBXFileReference section */
		BC0644D929E43D06006D56E1 /* NetworkManager.swift */ = {isa = PBXFileReference; lastKnownFileType = sourcecode.swift; path = NetworkManager.swift; sourceTree = "<group>"; };
		BC0644DB29E44F54006D56E1 /* Hero.swift */ = {isa = PBXFileReference; lastKnownFileType = sourcecode.swift; path = Hero.swift; sourceTree = "<group>"; };
		BC78B3C529DEB0B000485D37 /* TabBarController.swift */ = {isa = PBXFileReference; lastKnownFileType = sourcecode.swift; path = TabBarController.swift; sourceTree = "<group>"; };
		BC78B3C729DEB1F500485D37 /* FoodMenuViewController.swift */ = {isa = PBXFileReference; lastKnownFileType = sourcecode.swift; path = FoodMenuViewController.swift; sourceTree = "<group>"; };
		BCA935D229DAB073006F4A32 /* FoodMarket.app */ = {isa = PBXFileReference; explicitFileType = wrapper.application; includeInIndex = 0; path = FoodMarket.app; sourceTree = BUILT_PRODUCTS_DIR; };
		BCA935D529DAB073006F4A32 /* AppDelegate.swift */ = {isa = PBXFileReference; lastKnownFileType = sourcecode.swift; path = AppDelegate.swift; sourceTree = "<group>"; };
		BCA935D729DAB073006F4A32 /* SceneDelegate.swift */ = {isa = PBXFileReference; lastKnownFileType = sourcecode.swift; path = SceneDelegate.swift; sourceTree = "<group>"; };
		BCA935D929DAB073006F4A32 /* ViewController.swift */ = {isa = PBXFileReference; lastKnownFileType = sourcecode.swift; path = ViewController.swift; sourceTree = "<group>"; };
		BCA935DF29DAB073006F4A32 /* FoodMarket.xcdatamodel */ = {isa = PBXFileReference; lastKnownFileType = wrapper.xcdatamodel; path = FoodMarket.xcdatamodel; sourceTree = "<group>"; };
		BCA935E129DAB079006F4A32 /* Assets.xcassets */ = {isa = PBXFileReference; lastKnownFileType = folder.assetcatalog; path = Assets.xcassets; sourceTree = "<group>"; };
		BCA935E429DAB079006F4A32 /* Base */ = {isa = PBXFileReference; lastKnownFileType = file.storyboard; name = Base; path = Base.lproj/LaunchScreen.storyboard; sourceTree = "<group>"; };
		BCA935E629DAB079006F4A32 /* Info.plist */ = {isa = PBXFileReference; lastKnownFileType = text.plist.xml; path = Info.plist; sourceTree = "<group>"; };
		BCD8FC0E29EA834200E3D017 /* CollectionViewCell.swift */ = {isa = PBXFileReference; lastKnownFileType = sourcecode.swift; path = CollectionViewCell.swift; sourceTree = "<group>"; };
		BCD8FC1029EEE98A00E3D017 /* ImageCache.swift */ = {isa = PBXFileReference; lastKnownFileType = sourcecode.swift; path = ImageCache.swift; sourceTree = "<group>"; };
/* End PBXFileReference section */

/* Begin PBXFrameworksBuildPhase section */
		BCA935CF29DAB073006F4A32 /* Frameworks */ = {
			isa = PBXFrameworksBuildPhase;
			buildActionMask = 2147483647;
			files = (
			);
			runOnlyForDeploymentPostprocessing = 0;
		};
/* End PBXFrameworksBuildPhase section */

/* Begin PBXGroup section */
		BCA935C929DAB073006F4A32 = {
			isa = PBXGroup;
			children = (
				BCA935D429DAB073006F4A32 /* FoodMarket */,
				BCA935D329DAB073006F4A32 /* Products */,
			);
			sourceTree = "<group>";
		};
		BCA935D329DAB073006F4A32 /* Products */ = {
			isa = PBXGroup;
			children = (
				BCA935D229DAB073006F4A32 /* FoodMarket.app */,
			);
			name = Products;
			sourceTree = "<group>";
		};
		BCA935D429DAB073006F4A32 /* FoodMarket */ = {
			isa = PBXGroup;
			children = (
				BCA935D529DAB073006F4A32 /* AppDelegate.swift */,
				BCA935D729DAB073006F4A32 /* SceneDelegate.swift */,
				BCA935D929DAB073006F4A32 /* ViewController.swift */,
				BCA935E129DAB079006F4A32 /* Assets.xcassets */,
				BCA935E329DAB079006F4A32 /* LaunchScreen.storyboard */,
				BCA935E629DAB079006F4A32 /* Info.plist */,
				BCA935DE29DAB073006F4A32 /* FoodMarket.xcdatamodeld */,
				BC78B3C529DEB0B000485D37 /* TabBarController.swift */,
				BC78B3C729DEB1F500485D37 /* FoodMenuViewController.swift */,
				BC0644D929E43D06006D56E1 /* NetworkManager.swift */,
				BC0644DB29E44F54006D56E1 /* Hero.swift */,
				BCD8FC0E29EA834200E3D017 /* CollectionViewCell.swift */,
				BCD8FC1029EEE98A00E3D017 /* ImageCache.swift */,
			);
			path = FoodMarket;
			sourceTree = "<group>";
		};
/* End PBXGroup section */

/* Begin PBXNativeTarget section */
		BCA935D129DAB073006F4A32 /* FoodMarket */ = {
			isa = PBXNativeTarget;
			buildConfigurationList = BCA935E929DAB07A006F4A32 /* Build configuration list for PBXNativeTarget "FoodMarket" */;
			buildPhases = (
				BCA935CE29DAB073006F4A32 /* Sources */,
				BCA935CF29DAB073006F4A32 /* Frameworks */,
				BCA935D029DAB073006F4A32 /* Resources */,
			);
			buildRules = (
			);
			dependencies = (
			);
			name = FoodMarket;
			productName = FoodMarket;
			productReference = BCA935D229DAB073006F4A32 /* FoodMarket.app */;
			productType = "com.apple.product-type.application";
		};
/* End PBXNativeTarget section */

/* Begin PBXProject section */
		BCA935CA29DAB073006F4A32 /* Project object */ = {
			isa = PBXProject;
			attributes = {
				BuildIndependentTargetsInParallel = 1;
				LastSwiftUpdateCheck = 1410;
				LastUpgradeCheck = 1410;
				TargetAttributes = {
					BCA935D129DAB073006F4A32 = {
						CreatedOnToolsVersion = 14.1;
					};
				};
			};
			buildConfigurationList = BCA935CD29DAB073006F4A32 /* Build configuration list for PBXProject "FoodMarket" */;
			compatibilityVersion = "Xcode 14.0";
			developmentRegion = en;
			hasScannedForEncodings = 0;
			knownRegions = (
				en,
				Base,
			);
			mainGroup = BCA935C929DAB073006F4A32;
			productRefGroup = BCA935D329DAB073006F4A32 /* Products */;
			projectDirPath = "";
			projectRoot = "";
			targets = (
				BCA935D129DAB073006F4A32 /* FoodMarket */,
			);
		};
/* End PBXProject section */

/* Begin PBXResourcesBuildPhase section */
		BCA935D029DAB073006F4A32 /* Resources */ = {
			isa = PBXResourcesBuildPhase;
			buildActionMask = 2147483647;
			files = (
				BCA935E529DAB079006F4A32 /* LaunchScreen.storyboard in Resources */,
				BCA935E229DAB079006F4A32 /* Assets.xcassets in Resources */,
			);
			runOnlyForDeploymentPostprocessing = 0;
		};
/* End PBXResourcesBuildPhase section */

/* Begin PBXSourcesBuildPhase section */
		BCA935CE29DAB073006F4A32 /* Sources */ = {
			isa = PBXSourcesBuildPhase;
			buildActionMask = 2147483647;
			files = (
				BCD8FC1129EEE98A00E3D017 /* ImageCache.swift in Sources */,
				BCA935DA29DAB073006F4A32 /* ViewController.swift in Sources */,
				BC78B3C829DEB1F500485D37 /* FoodMenuViewController.swift in Sources */,
				BCD8FC0F29EA834200E3D017 /* CollectionViewCell.swift in Sources */,
				BCA935D629DAB073006F4A32 /* AppDelegate.swift in Sources */,
				BC0644DA29E43D06006D56E1 /* NetworkManager.swift in Sources */,
				BCA935D829DAB073006F4A32 /* SceneDelegate.swift in Sources */,
				BC78B3C629DEB0B000485D37 /* TabBarController.swift in Sources */,
				BC0644DC29E44F54006D56E1 /* Hero.swift in Sources */,
				BCA935E029DAB073006F4A32 /* FoodMarket.xcdatamodeld in Sources */,
			);
			runOnlyForDeploymentPostprocessing = 0;
		};
/* End PBXSourcesBuildPhase section */

/* Begin PBXVariantGroup section */
		BCA935E329DAB079006F4A32 /* LaunchScreen.storyboard */ = {
			isa = PBXVariantGroup;
			children = (
				BCA935E429DAB079006F4A32 /* Base */,
			);
			name = LaunchScreen.storyboard;
			sourceTree = "<group>";
		};
/* End PBXVariantGroup section */

/* Begin XCBuildConfiguration section */
		BCA935E729DAB07A006F4A32 /* Debug */ = {
			isa = XCBuildConfiguration;
			buildSettings = {
				ALWAYS_SEARCH_USER_PATHS = NO;
				CLANG_ANALYZER_NONNULL = YES;
				CLANG_ANALYZER_NUMBER_OBJECT_CONVERSION = YES_AGGRESSIVE;
				CLANG_CXX_LANGUAGE_STANDARD = "gnu++20";
				CLANG_ENABLE_MODULES = YES;
				CLANG_ENABLE_OBJC_ARC = YES;
				CLANG_ENABLE_OBJC_WEAK = YES;
				CLANG_WARN_BLOCK_CAPTURE_AUTORELEASING = YES;
				CLANG_WARN_BOOL_CONVERSION = YES;
				CLANG_WARN_COMMA = YES;
				CLANG_WARN_CONSTANT_CONVERSION = YES;
				CLANG_WARN_DEPRECATED_OBJC_IMPLEMENTATIONS = YES;
				CLANG_WARN_DIRECT_OBJC_ISA_USAGE = YES_ERROR;
				CLANG_WARN_DOCUMENTATION_COMMENTS = YES;
				CLANG_WARN_EMPTY_BODY = YES;
				CLANG_WARN_ENUM_CONVERSION = YES;
				CLANG_WARN_INFINITE_RECURSION = YES;
				CLANG_WARN_INT_CONVERSION = YES;
				CLANG_WARN_NON_LITERAL_NULL_CONVERSION = YES;
				CLANG_WARN_OBJC_IMPLICIT_RETAIN_SELF = YES;
				CLANG_WARN_OBJC_LITERAL_CONVERSION = YES;
				CLANG_WARN_OBJC_ROOT_CLASS = YES_ERROR;
				CLANG_WARN_QUOTED_INCLUDE_IN_FRAMEWORK_HEADER = YES;
				CLANG_WARN_RANGE_LOOP_ANALYSIS = YES;
				CLANG_WARN_STRICT_PROTOTYPES = YES;
				CLANG_WARN_SUSPICIOUS_MOVE = YES;
				CLANG_WARN_UNGUARDED_AVAILABILITY = YES_AGGRESSIVE;
				CLANG_WARN_UNREACHABLE_CODE = YES;
				CLANG_WARN__DUPLICATE_METHOD_MATCH = YES;
				COPY_PHASE_STRIP = NO;
				DEBUG_INFORMATION_FORMAT = dwarf;
				ENABLE_STRICT_OBJC_MSGSEND = YES;
				ENABLE_TESTABILITY = YES;
				GCC_C_LANGUAGE_STANDARD = gnu11;
				GCC_DYNAMIC_NO_PIC = NO;
				GCC_NO_COMMON_BLOCKS = YES;
				GCC_OPTIMIZATION_LEVEL = 0;
				GCC_PREPROCESSOR_DEFINITIONS = (
					"DEBUG=1",
					"$(inherited)",
				);
				GCC_WARN_64_TO_32_BIT_CONVERSION = YES;
				GCC_WARN_ABOUT_RETURN_TYPE = YES_ERROR;
				GCC_WARN_UNDECLARED_SELECTOR = YES;
				GCC_WARN_UNINITIALIZED_AUTOS = YES_AGGRESSIVE;
				GCC_WARN_UNUSED_FUNCTION = YES;
				GCC_WARN_UNUSED_VARIABLE = YES;
				IPHONEOS_DEPLOYMENT_TARGET = 16.1;
				MTL_ENABLE_DEBUG_INFO = INCLUDE_SOURCE;
				MTL_FAST_MATH = YES;
				ONLY_ACTIVE_ARCH = YES;
				SDKROOT = iphoneos;
				SWIFT_ACTIVE_COMPILATION_CONDITIONS = DEBUG;
				SWIFT_OPTIMIZATION_LEVEL = "-Onone";
			};
			name = Debug;
		};
		BCA935E829DAB07A006F4A32 /* Release */ = {
			isa = XCBuildConfiguration;
			buildSettings = {
				ALWAYS_SEARCH_USER_PATHS = NO;
				CLANG_ANALYZER_NONNULL = YES;
				CLANG_ANALYZER_NUMBER_OBJECT_CONVERSION = YES_AGGRESSIVE;
				CLANG_CXX_LANGUAGE_STANDARD = "gnu++20";
				CLANG_ENABLE_MODULES = YES;
				CLANG_ENABLE_OBJC_ARC = YES;
				CLANG_ENABLE_OBJC_WEAK = YES;
				CLANG_WARN_BLOCK_CAPTURE_AUTORELEASING = YES;
				CLANG_WARN_BOOL_CONVERSION = YES;
				CLANG_WARN_COMMA = YES;
				CLANG_WARN_CONSTANT_CONVERSION = YES;
				CLANG_WARN_DEPRECATED_OBJC_IMPLEMENTATIONS = YES;
				CLANG_WARN_DIRECT_OBJC_ISA_USAGE = YES_ERROR;
				CLANG_WARN_DOCUMENTATION_COMMENTS = YES;
				CLANG_WARN_EMPTY_BODY = YES;
				CLANG_WARN_ENUM_CONVERSION = YES;
				CLANG_WARN_INFINITE_RECURSION = YES;
				CLANG_WARN_INT_CONVERSION = YES;
				CLANG_WARN_NON_LITERAL_NULL_CONVERSION = YES;
				CLANG_WARN_OBJC_IMPLICIT_RETAIN_SELF = YES;
				CLANG_WARN_OBJC_LITERAL_CONVERSION = YES;
				CLANG_WARN_OBJC_ROOT_CLASS = YES_ERROR;
				CLANG_WARN_QUOTED_INCLUDE_IN_FRAMEWORK_HEADER = YES;
				CLANG_WARN_RANGE_LOOP_ANALYSIS = YES;
				CLANG_WARN_STRICT_PROTOTYPES = YES;
				CLANG_WARN_SUSPICIOUS_MOVE = YES;
				CLANG_WARN_UNGUARDED_AVAILABILITY = YES_AGGRESSIVE;
				CLANG_WARN_UNREACHABLE_CODE = YES;
				CLANG_WARN__DUPLICATE_METHOD_MATCH = YES;
				COPY_PHASE_STRIP = NO;
				DEBUG_INFORMATION_FORMAT = "dwarf-with-dsym";
				ENABLE_NS_ASSERTIONS = NO;
				ENABLE_STRICT_OBJC_MSGSEND = YES;
				GCC_C_LANGUAGE_STANDARD = gnu11;
				GCC_NO_COMMON_BLOCKS = YES;
				GCC_WARN_64_TO_32_BIT_CONVERSION = YES;
				GCC_WARN_ABOUT_RETURN_TYPE = YES_ERROR;
				GCC_WARN_UNDECLARED_SELECTOR = YES;
				GCC_WARN_UNINITIALIZED_AUTOS = YES_AGGRESSIVE;
				GCC_WARN_UNUSED_FUNCTION = YES;
				GCC_WARN_UNUSED_VARIABLE = YES;
				IPHONEOS_DEPLOYMENT_TARGET = 16.1;
				MTL_ENABLE_DEBUG_INFO = NO;
				MTL_FAST_MATH = YES;
				SDKROOT = iphoneos;
				SWIFT_COMPILATION_MODE = wholemodule;
				SWIFT_OPTIMIZATION_LEVEL = "-O";
				VALIDATE_PRODUCT = YES;
			};
			name = Release;
		};
		BCA935EA29DAB07A006F4A32 /* Debug */ = {
			isa = XCBuildConfiguration;
			buildSettings = {
				ASSETCATALOG_COMPILER_APPICON_NAME = AppIcon;
				ASSETCATALOG_COMPILER_GLOBAL_ACCENT_COLOR_NAME = AccentColor;
				CODE_SIGN_STYLE = Automatic;
				CURRENT_PROJECT_VERSION = 1;
				DEVELOPMENT_TEAM = VD68DASVUH;
				GENERATE_INFOPLIST_FILE = YES;
				INFOPLIST_FILE = FoodMarket/Info.plist;
				INFOPLIST_KEY_UIApplicationSupportsIndirectInputEvents = YES;
				INFOPLIST_KEY_UILaunchStoryboardName = LaunchScreen.storyboard;
				INFOPLIST_KEY_UIStatusBarStyle = "";
				INFOPLIST_KEY_UISupportedInterfaceOrientations_iPad = "UIInterfaceOrientationPortrait UIInterfaceOrientationPortraitUpsideDown UIInterfaceOrientationLandscapeLeft UIInterfaceOrientationLandscapeRight";
				INFOPLIST_KEY_UISupportedInterfaceOrientations_iPhone = "UIInterfaceOrientationPortrait UIInterfaceOrientationLandscapeLeft UIInterfaceOrientationLandscapeRight";
				LD_RUNPATH_SEARCH_PATHS = (
					"$(inherited)",
					"@executable_path/Frameworks",
				);
				MARKETING_VERSION = 1.0;
				PRODUCT_BUNDLE_IDENTIFIER = ie.usikov.FoodMarket;
				PRODUCT_NAME = "$(TARGET_NAME)";
				SWIFT_EMIT_LOC_STRINGS = YES;
				SWIFT_VERSION = 5.0;
				TARGETED_DEVICE_FAMILY = "1,2";
			};
			name = Debug;
		};
		BCA935EB29DAB07A006F4A32 /* Release */ = {
			isa = XCBuildConfiguration;
			buildSettings = {
				ASSETCATALOG_COMPILER_APPICON_NAME = AppIcon;
				ASSETCATALOG_COMPILER_GLOBAL_ACCENT_COLOR_NAME = AccentColor;
				CODE_SIGN_STYLE = Automatic;
				CURRENT_PROJECT_VERSION = 1;
				DEVELOPMENT_TEAM = VD68DASVUH;
				GENERATE_INFOPLIST_FILE = YES;
				INFOPLIST_FILE = FoodMarket/Info.plist;
				INFOPLIST_KEY_UIApplicationSupportsIndirectInputEvents = YES;
				INFOPLIST_KEY_UILaunchStoryboardName = LaunchScreen.storyboard;
				INFOPLIST_KEY_UIStatusBarStyle = "";
				INFOPLIST_KEY_UISupportedInterfaceOrientations_iPad = "UIInterfaceOrientationPortrait UIInterfaceOrientationPortraitUpsideDown UIInterfaceOrientationLandscapeLeft UIInterfaceOrientationLandscapeRight";
				INFOPLIST_KEY_UISupportedInterfaceOrientations_iPhone = "UIInterfaceOrientationPortrait UIInterfaceOrientationLandscapeLeft UIInterfaceOrientationLandscapeRight";
				LD_RUNPATH_SEARCH_PATHS = (
					"$(inherited)",
					"@executable_path/Frameworks",
				);
				MARKETING_VERSION = 1.0;
				PRODUCT_BUNDLE_IDENTIFIER = ie.usikov.FoodMarket;
				PRODUCT_NAME = "$(TARGET_NAME)";
				SWIFT_EMIT_LOC_STRINGS = YES;
				SWIFT_VERSION = 5.0;
				TARGETED_DEVICE_FAMILY = "1,2";
			};
			name = Release;
		};
/* End XCBuildConfiguration section */

/* Begin XCConfigurationList section */
		BCA935CD29DAB073006F4A32 /* Build configuration list for PBXProject "FoodMarket" */ = {
			isa = XCConfigurationList;
			buildConfigurations = (
				BCA935E729DAB07A006F4A32 /* Debug */,
				BCA935E829DAB07A006F4A32 /* Release */,
			);
			defaultConfigurationIsVisible = 0;
			defaultConfigurationName = Release;
		};
		BCA935E929DAB07A006F4A32 /* Build configuration list for PBXNativeTarget "FoodMarket" */ = {
			isa = XCConfigurationList;
			buildConfigurations = (
				BCA935EA29DAB07A006F4A32 /* Debug */,
				BCA935EB29DAB07A006F4A32 /* Release */,
			);
			defaultConfigurationIsVisible = 0;
			defaultConfigurationName = Release;
		};
/* End XCConfigurationList section */

/* Begin XCVersionGroup section */
		BCA935DE29DAB073006F4A32 /* FoodMarket.xcdatamodeld */ = {
			isa = XCVersionGroup;
			children = (
				BCA935DF29DAB073006F4A32 /* FoodMarket.xcdatamodel */,
			);
			currentVersion = BCA935DF29DAB073006F4A32 /* FoodMarket.xcdatamodel */;
			path = FoodMarket.xcdatamodeld;
			sourceTree = "<group>";
			versionGroupType = wrapper.xcdatamodel;
		};
/* End XCVersionGroup section */
	};
	rootObject = BCA935CA29DAB073006F4A32 /* Project object */;
}
